Microsoft Visual Studio Solution File, Format Version 12.00
# Visual Studio Version 17
VisualStudioVersion = 17.5.2.0
MinimumVisualStudioVersion = 10.0.40219.1
Project("{FAE04EC0-301F-11D3-BF4B-00C04F79EFBC}") = "Gutenburg-Server", "Gutenburg-Server.csproj", "{0D9983A0-5947-8F6A-C3A6-6CC0547BE85E}"
EndProject
Global
	GlobalSection(SolutionConfigurationPlatforms) = preSolution
		Debug|Any CPU = Debug|Any CPU
		Release|Any CPU = Release|Any CPU
	EndGlobalSection
	GlobalSection(ProjectConfigurationPlatforms) = postSolution
		{0D9983A0-5947-8F6A-C3A6-6CC0547BE85E}.Debug|Any CPU.ActiveCfg = Debug|Any CPU
		{0D9983A0-5947-8F6A-C3A6-6CC0547BE85E}.Debug|Any CPU.Build.0 = Debug|Any CPU
		{0D9983A0-5947-8F6A-C3A6-6CC0547BE85E}.Release|Any CPU.ActiveCfg = Release|Any CPU
		{0D9983A0-5947-8F6A-C3A6-6CC0547BE85E}.Release|Any CPU.Build.0 = Release|Any CPU
	EndGlobalSection
	GlobalSection(SolutionProperties) = preSolution
		HideSolutionNode = FALSE
	EndGlobalSection
	GlobalSection(ExtensibilityGlobals) = postSolution
		SolutionGuid = {EF3C864E-B1CD-4898-8E70-DB5E574C0682}
	EndGlobalSection
EndGlobal
